{
  "name": "@metanull/viewer-i18n",
  "version": "1.4.0",
  "lockfileVersion": 3,
  "requires": true,
  "packages": {
    "": {
      "name": "@metanull/viewer-i18n",
      "version": "1.4.0",
      "license": "UNLICENSED",
      "bin": {
        "viewer-i18n-check": "tools/check.mjs"
      }
    }
  }
}
